// !$*UTF8*$!
{
	archiveVersion = 1;
	classes = {
	};
	objectVersion = 50;
	objects = {

/* Begin PBXBuildFile section */
		F705BB412334179D0081FB2B /* Modules.swift in Sources */ = {isa = PBXBuildFile; fileRef = F705BB402334179D0081FB2B /* Modules.swift */; };
		F721AF1D22082B5900AB76BB /* AppDelegate.swift in Sources */ = {isa = PBXBuildFile; fileRef = F721AF1C22082B5900AB76BB /* AppDelegate.swift */; };
		F721AF1F22082B5900AB76BB /* ViewController.swift in Sources */ = {isa = PBXBuildFile; fileRef = F721AF1E22082B5900AB76BB /* ViewController.swift */; };
		F721AF2222082B5900AB76BB /* Main.storyboard in Resources */ = {isa = PBXBuildFile; fileRef = F721AF2022082B5900AB76BB /* Main.storyboard */; };
		F721AF2422082B5C00AB76BB /* Assets.xcassets in Resources */ = {isa = PBXBuildFile; fileRef = F721AF2322082B5C00AB76BB /* Assets.xcassets */; };
		F721AF2722082B5C00AB76BB /* LaunchScreen.storyboard in Resources */ = {isa = PBXBuildFile; fileRef = F721AF2522082B5C00AB76BB /* LaunchScreen.storyboard */; };
		F746CB822223E4C400D2EEF6 /* Model.xcdatamodeld in Sources */ = {isa = PBXBuildFile; fileRef = F746CB802223E4C400D2EEF6 /* Model.xcdatamodeld */; };
		F754650323329DAB00C6121C /* SettingsController.swift in Sources */ = {isa = PBXBuildFile; fileRef = F754650223329DAB00C6121C /* SettingsController.swift */; };
		F7F5695A23328C6600AAA09C /* MainPageViewController.swift in Sources */ = {isa = PBXBuildFile; fileRef = F7F5695923328C6600AAA09C /* MainPageViewController.swift */; };
/* End PBXBuildFile section */

/* Begin PBXFileReference section */
		F705BB402334179D0081FB2B /* Modules.swift */ = {isa = PBXFileReference; lastKnownFileType = sourcecode.swift; path = Modules.swift; sourceTree = "<group>"; };
		F721AF1922082B5900AB76BB /* FlashcardMaker.app */ = {isa = PBXFileReference; explicitFileType = wrapper.application; includeInIndex = 0; path = FlashcardMaker.app; sourceTree = BUILT_PRODUCTS_DIR; };
		F721AF1C22082B5900AB76BB /* AppDelegate.swift */ = {isa = PBXFileReference; lastKnownFileType = sourcecode.swift; path = AppDelegate.swift; sourceTree = "<group>"; };
		F721AF1E22082B5900AB76BB /* ViewController.swift */ = {isa = PBXFileReference; lastKnownFileType = sourcecode.swift; path = ViewController.swift; sourceTree = "<group>"; };
		F721AF2122082B5900AB76BB /* Base */ = {isa = PBXFileReference; lastKnownFileType = file.storyboard; name = Base; path = Base.lproj/Main.storyboard; sourceTree = "<group>"; };
		F721AF2322082B5C00AB76BB /* Assets.xcassets */ = {isa = PBXFileReference; lastKnownFileType = folder.assetcatalog; path = Assets.xcassets; sourceTree = "<group>"; };
		F721AF2622082B5C00AB76BB /* Base */ = {isa = PBXFileReference; lastKnownFileType = file.storyboard; name = Base; path = Base.lproj/LaunchScreen.storyboard; sourceTree = "<group>"; };
		F721AF2822082B5C00AB76BB /* Info.plist */ = {isa = PBXFileReference; lastKnownFileType = text.plist.xml; path = Info.plist; sourceTree = "<group>"; };
		F746CB812223E4C400D2EEF6 /* Model.xcdatamodel */ = {isa = PBXFileReference; lastKnownFileType = wrapper.xcdatamodel; path = Model.xcdatamodel; sourceTree = "<group>"; };
		F754650223329DAB00C6121C /* SettingsController.swift */ = {isa = PBXFileReference; lastKnownFileType = sourcecode.swift; path = SettingsController.swift; sourceTree = "<group>"; };
		F7F5695923328C6600AAA09C /* MainPageViewController.swift */ = {isa = PBXFileReference; lastKnownFileType = sourcecode.swift; path = MainPageViewController.swift; sourceTree = "<group>"; };
/* End PBXFileReference section */

/* Begin PBXFrameworksBuildPhase section */
		F721AF1622082B5900AB76BB /* Frameworks */ = {
			isa = PBXFrameworksBuildPhase;
			buildActionMask = 2147483647;
			files = (
			);
			runOnlyForDeploymentPostprocessing = 0;
		};
/* End PBXFrameworksBuildPhase section */

/* Begin PBXGroup section */
		F721AF1022082B5900AB76BB = {
			isa = PBXGroup;
			children = (
				F721AF1B22082B5900AB76BB /* FlashcardMaker */,
				F721AF1A22082B5900AB76BB /* Products */,
			);
			sourceTree = "<group>";
		};
		F721AF1A22082B5900AB76BB /* Products */ = {
			isa = PBXGroup;
			children = (
				F721AF1922082B5900AB76BB /* FlashcardMaker.app */,
			);
			name = Products;
			sourceTree = "<group>";
		};
		F721AF1B22082B5900AB76BB /* FlashcardMaker */ = {
			isa = PBXGroup;
			children = (
				F721AF1C22082B5900AB76BB /* AppDelegate.swift */,
				F705BB402334179D0081FB2B /* Modules.swift */,
				F746CB832223E5C700D2EEF6 /* Controllers */,
				F746CB842223E5D900D2EEF6 /* DataModel */,
				F746CB862223E60000D2EEF6 /* Views */,
				F746CB852223E5F300D2EEF6 /* Supporting Files */,
				F721AF2822082B5C00AB76BB /* Info.plist */,
			);
			path = FlashcardMaker;
			sourceTree = "<group>";
		};
		F746CB832223E5C700D2EEF6 /* Controllers */ = {
			isa = PBXGroup;
			children = (
				F721AF1E22082B5900AB76BB /* ViewController.swift */,
				F754650223329DAB00C6121C /* SettingsController.swift */,
				F7F5695923328C6600AAA09C /* MainPageViewController.swift */,
			);
			path = Controllers;
			sourceTree = "<group>";
		};
		F746CB842223E5D900D2EEF6 /* DataModel */ = {
			isa = PBXGroup;
			children = (
				F746CB802223E4C400D2EEF6 /* Model.xcdatamodeld */,
			);
			path = DataModel;
			sourceTree = "<group>";
		};
		F746CB852223E5F300D2EEF6 /* Supporting Files */ = {
			isa = PBXGroup;
			children = (
				F721AF2322082B5C00AB76BB /* Assets.xcassets */,
				F721AF2522082B5C00AB76BB /* LaunchScreen.storyboard */,
			);
			path = "Supporting Files";
			sourceTree = "<group>";
		};
		F746CB862223E60000D2EEF6 /* Views */ = {
			isa = PBXGroup;
			children = (
				F721AF2022082B5900AB76BB /* Main.storyboard */,
			);
			path = Views;
			sourceTree = "<group>";
		};
/* End PBXGroup section */

/* Begin PBXNativeTarget section */
		F721AF1822082B5900AB76BB /* FlashcardMaker */ = {
			isa = PBXNativeTarget;
			buildConfigurationList = F721AF2B22082B5C00AB76BB /* Build configuration list for PBXNativeTarget "FlashcardMaker" */;
			buildPhases = (
				F721AF1522082B5900AB76BB /* Sources */,
				F721AF1622082B5900AB76BB /* Frameworks */,
				F721AF1722082B5900AB76BB /* Resources */,
			);
			buildRules = (
			);
			dependencies = (
			);
			name = FlashcardMaker;
			productName = FlashcardMaker;
			productReference = F721AF1922082B5900AB76BB /* FlashcardMaker.app */;
			productType = "com.apple.product-type.application";
		};
/* End PBXNativeTarget section */

/* Begin PBXProject section */
		F721AF1122082B5900AB76BB /* Project object */ = {
			isa = PBXProject;
			attributes = {
				LastSwiftUpdateCheck = 1010;
				LastUpgradeCheck = 1010;
				ORGANIZATIONNAME = "Derek Burrola";
				TargetAttributes = {
					F721AF1822082B5900AB76BB = {
						CreatedOnToolsVersion = 10.1;
					};
				};
			};
			buildConfigurationList = F721AF1422082B5900AB76BB /* Build configuration list for PBXProject "FlashcardMaker" */;
			compatibilityVersion = "Xcode 9.3";
			developmentRegion = en;
			hasScannedForEncodings = 0;
			knownRegions = (
				en,
				Base,
			);
			mainGroup = F721AF1022082B5900AB76BB;
			productRefGroup = F721AF1A22082B5900AB76BB /* Products */;
			projectDirPath = "";
			projectRoot = "";
			targets = (
				F721AF1822082B5900AB76BB /* FlashcardMaker */,
			);
		};
/* End PBXProject section */

/* Begin PBXResourcesBuildPhase section */
		F721AF1722082B5900AB76BB /* Resources */ = {
			isa = PBXResourcesBuildPhase;
			buildActionMask = 2147483647;
			files = (
				F721AF2722082B5C00AB76BB /* LaunchScreen.storyboard in Resources */,
				F721AF2422082B5C00AB76BB /* Assets.xcassets in Resources */,
				F721AF2222082B5900AB76BB /* Main.storyboard in Resources */,
			);
			runOnlyForDeploymentPostprocessing = 0;
		};
/* End PBXResourcesBuildPhase section */

/* Begin PBXSourcesBuildPhase section */
		F721AF1522082B5900AB76BB /* Sources */ = {
			isa = PBXSourcesBuildPhase;
			buildActionMask = 2147483647;
			files = (
				F7F5695A23328C6600AAA09C /* MainPageViewController.swift in Sources */,
				F705BB412334179D0081FB2B /* Modules.swift in Sources */,
				F754650323329DAB00C6121C /* SettingsController.swift in Sources */,
				F721AF1F22082B5900AB76BB /* ViewController.swift in Sources */,
				F721AF1D22082B5900AB76BB /* AppDelegate.swift in Sources */,
				F746CB822223E4C400D2EEF6 /* Model.xcdatamodeld in Sources */,
			);
			runOnlyForDeploymentPostprocessing = 0;
		};
/* End PBXSourcesBuildPhase section */

/* Begin PBXVariantGroup section */
		F721AF2022082B5900AB76BB /* Main.storyboard */ = {
			isa = PBXVariantGroup;
			children = (
				F721AF2122082B5900AB76BB /* Base */,
			);
			name = Main.storyboard;
			sourceTree = "<group>";
		};
		F721AF2522082B5C00AB76BB /* LaunchScreen.storyboard */ = {
			isa = PBXVariantGroup;
			children = (
				F721AF2622082B5C00AB76BB /* Base */,
			);
			name = LaunchScreen.storyboard;
			sourceTree = "<group>";
		};
/* End PBXVariantGroup section */

/* Begin XCBuildConfiguration section */
		F721AF2922082B5C00AB76BB /* Debug */ = {
			isa = XCBuildConfiguration;
			buildSettings = {
				ALWAYS_SEARCH_USER_PATHS = NO;
				CLANG_ANALYZER_NONNULL = YES;
				CLANG_ANALYZER_NUMBER_OBJECT_CONVERSION = YES_AGGRESSIVE;
				CLANG_CXX_LANGUAGE_STANDARD = "gnu++14";
				CLANG_CXX_LIBRARY = "libc++";
				CLANG_ENABLE_MODULES = YES;
				CLANG_ENABLE_OBJC_ARC = YES;
				CLANG_ENABLE_OBJC_WEAK = YES;
				CLANG_WARN_BLOCK_CAPTURE_AUTORELEASING = YES;
				CLANG_WARN_BOOL_CONVERSION = YES;
				CLANG_WARN_COMMA = YES;
				CLANG_WARN_CONSTANT_CONVERSION = YES;
				CLANG_WARN_DEPRECATED_OBJC_IMPLEMENTATIONS = YES;
				CLANG_WARN_DIRECT_OBJC_ISA_USAGE = YES_ERROR;
				CLANG_WARN_DOCUMENTATION_COMMENTS = YES;
				CLANG_WARN_EMPTY_BODY = YES;
				CLANG_WARN_ENUM_CONVERSION = YES;
				CLANG_WARN_INFINITE_RECURSION = YES;
				CLANG_WARN_INT_CONVERSION = YES;
				CLANG_WARN_NON_LITERAL_NULL_CONVERSION = YES;
				CLANG_WARN_OBJC_IMPLICIT_RETAIN_SELF = YES;
				CLANG_WARN_OBJC_LITERAL_CONVERSION = YES;
				CLANG_WARN_OBJC_ROOT_CLASS = YES_ERROR;
				CLANG_WARN_RANGE_LOOP_ANALYSIS = YES;
				CLANG_WARN_STRICT_PROTOTYPES = YES;
				CLANG_WARN_SUSPICIOUS_MOVE = YES;
				CLANG_WARN_UNGUARDED_AVAILABILITY = YES_AGGRESSIVE;
				CLANG_WARN_UNREACHABLE_CODE = YES;
				CLANG_WARN__DUPLICATE_METHOD_MATCH = YES;
				CODE_SIGN_IDENTITY = "iPhone Developer";
				COPY_PHASE_STRIP = NO;
				DEBUG_INFORMATION_FORMAT = dwarf;
				ENABLE_STRICT_OBJC_MSGSEND = YES;
				ENABLE_TESTABILITY = YES;
				GCC_C_LANGUAGE_STANDARD = gnu11;
				GCC_DYNAMIC_NO_PIC = NO;
				GCC_NO_COMMON_BLOCKS = YES;
				GCC_OPTIMIZATION_LEVEL = 0;
				GCC_PREPROCESSOR_DEFINITIONS = (
					"DEBUG=1",
					"$(inherited)",
				);
				GCC_WARN_64_TO_32_BIT_CONVERSION = YES;
				GCC_WARN_ABOUT_RETURN_TYPE = YES_ERROR;
				GCC_WARN_UNDECLARED_SELECTOR = YES;
				GCC_WARN_UNINITIALIZED_AUTOS = YES_AGGRESSIVE;
				GCC_WARN_UNUSED_FUNCTION = YES;
				GCC_WARN_UNUSED_VARIABLE = YES;
				IPHONEOS_DEPLOYMENT_TARGET = 12.1;
				MTL_ENABLE_DEBUG_INFO = INCLUDE_SOURCE;
				MTL_FAST_MATH = YES;
				ONLY_ACTIVE_ARCH = YES;
				SDKROOT = iphoneos;
				SWIFT_ACTIVE_COMPILATION_CONDITIONS = DEBUG;
				SWIFT_OPTIMIZATION_LEVEL = "-Onone";
			};
			name = Debug;
		};
		F721AF2A22082B5C00AB76BB /* Release */ = {
			isa = XCBuildConfiguration;
			buildSettings = {
				ALWAYS_SEARCH_USER_PATHS = NO;
				CLANG_ANALYZER_NONNULL = YES;
				CLANG_ANALYZER_NUMBER_OBJECT_CONVERSION = YES_AGGRESSIVE;
				CLANG_CXX_LANGUAGE_STANDARD = "gnu++14";
				CLANG_CXX_LIBRARY = "libc++";
				CLANG_ENABLE_MODULES = YES;
				CLANG_ENABLE_OBJC_ARC = YES;
				CLANG_ENABLE_OBJC_WEAK = YES;
				CLANG_WARN_BLOCK_CAPTURE_AUTORELEASING = YES;
				CLANG_WARN_BOOL_CONVERSION = YES;
				CLANG_WARN_COMMA = YES;
				CLANG_WARN_CONSTANT_CONVERSION = YES;
				CLANG_WARN_DEPRECATED_OBJC_IMPLEMENTATIONS = YES;
				CLANG_WARN_DIRECT_OBJC_ISA_USAGE = YES_ERROR;
				CLANG_WARN_DOCUMENTATION_COMMENTS = YES;
				CLANG_WARN_EMPTY_BODY = YES;
				CLANG_WARN_ENUM_CONVERSION = YES;
				CLANG_WARN_INFINITE_RECURSION = YES;
				CLANG_WARN_INT_CONVERSION = YES;
				CLANG_WARN_NON_LITERAL_NULL_CONVERSION = YES;
				CLANG_WARN_OBJC_IMPLICIT_RETAIN_SELF = YES;
				CLANG_WARN_OBJC_LITERAL_CONVERSION = YES;
				CLANG_WARN_OBJC_ROOT_CLASS = YES_ERROR;
				CLANG_WARN_RANGE_LOOP_ANALYSIS = YES;
				CLANG_WARN_STRICT_PROTOTYPES = YES;
				CLANG_WARN_SUSPICIOUS_MOVE = YES;
				CLANG_WARN_UNGUARDED_AVAILABILITY = YES_AGGRESSIVE;
				CLANG_WARN_UNREACHABLE_CODE = YES;
				CLANG_WARN__DUPLICATE_METHOD_MATCH = YES;
				CODE_SIGN_IDENTITY = "iPhone Developer";
				COPY_PHASE_STRIP = NO;
				DEBUG_INFORMATION_FORMAT = "dwarf-with-dsym";
				ENABLE_NS_ASSERTIONS = NO;
				ENABLE_STRICT_OBJC_MSGSEND = YES;
				GCC_C_LANGUAGE_STANDARD = gnu11;
				GCC_NO_COMMON_BLOCKS = YES;
				GCC_WARN_64_TO_32_BIT_CONVERSION = YES;
				GCC_WARN_ABOUT_RETURN_TYPE = YES_ERROR;
				GCC_WARN_UNDECLARED_SELECTOR = YES;
				GCC_WARN_UNINITIALIZED_AUTOS = YES_AGGRESSIVE;
				GCC_WARN_UNUSED_FUNCTION = YES;
				GCC_WARN_UNUSED_VARIABLE = YES;
				IPHONEOS_DEPLOYMENT_TARGET = 12.1;
				MTL_ENABLE_DEBUG_INFO = NO;
				MTL_FAST_MATH = YES;
				SDKROOT = iphoneos;
				SWIFT_COMPILATION_MODE = wholemodule;
				SWIFT_OPTIMIZATION_LEVEL = "-O";
				VALIDATE_PRODUCT = YES;
			};
			name = Release;
		};
		F721AF2C22082B5C00AB76BB /* Debug */ = {
			isa = XCBuildConfiguration;
			buildSettings = {
				ASSETCATALOG_COMPILER_APPICON_NAME = AppIcon;
				CODE_SIGN_STYLE = Automatic;
				CURRENT_PROJECT_VERSION = 1;
				DEVELOPMENT_TEAM = NPYQUSVT5P;
				INFOPLIST_FILE = FlashcardMaker/Info.plist;
				IPHONEOS_DEPLOYMENT_TARGET = 12.0;
				LD_RUNPATH_SEARCH_PATHS = (
					"$(inherited)",
					"@executable_path/Frameworks",
				);
				MARKETING_VERSION = 1.2;
				PRODUCT_BUNDLE_IDENTIFIER = D3.FlashcardMaker;
				PRODUCT_NAME = "$(TARGET_NAME)";
				SWIFT_VERSION = 4.2;
				TARGETED_DEVICE_FAMILY = "1,2";
			};
			name = Debug;
		};
		F721AF2D22082B5C00AB76BB /* Release */ = {
			isa = XCBuildConfiguration;
			buildSettings = {
				ASSETCATALOG_COMPILER_APPICON_NAME = AppIcon;
				CODE_SIGN_STYLE = Automatic;
				CURRENT_PROJECT_VERSION = 1;
				DEVELOPMENT_TEAM = NPYQUSVT5P;
				INFOPLIST_FILE = FlashcardMaker/Info.plist;
				IPHONEOS_DEPLOYMENT_TARGET = 12.0;
				LD_RUNPATH_SEARCH_PATHS = (
					"$(inherited)",
					"@executable_path/Frameworks",
				);
				MARKETING_VERSION = 1.2;
				PRODUCT_BUNDLE_IDENTIFIER = D3.FlashcardMaker;
				PRODUCT_NAME = "$(TARGET_NAME)";
				SWIFT_VERSION = 4.2;
				TARGETED_DEVICE_FAMILY = "1,2";
			};
			name = Release;
		};
/* End XCBuildConfiguration section */

/* Begin XCConfigurationList section */
		F721AF1422082B5900AB76BB /* Build configuration list for PBXProject "FlashcardMaker" */ = {
			isa = XCConfigurationList;
			buildConfigurations = (
				F721AF2922082B5C00AB76BB /* Debug */,
				F721AF2A22082B5C00AB76BB /* Release */,
			);
			defaultConfigurationIsVisible = 0;
			defaultConfigurationName = Release;
		};
		F721AF2B22082B5C00AB76BB /* Build configuration list for PBXNativeTarget "FlashcardMaker" */ = {
			isa = XCConfigurationList;
			buildConfigurations = (
				F721AF2C22082B5C00AB76BB /* Debug */,
				F721AF2D22082B5C00AB76BB /* Release */,
			);
			defaultConfigurationIsVisible = 0;
			defaultConfigurationName = Release;
		};
/* End XCConfigurationList section */

/* Begin XCVersionGroup section */
		F746CB802223E4C400D2EEF6 /* Model.xcdatamodeld */ = {
			isa = XCVersionGroup;
			children = (
				F746CB812223E4C400D2EEF6 /* Model.xcdatamodel */,
			);
			currentVersion = F746CB812223E4C400D2EEF6 /* Model.xcdatamodel */;
			path = Model.xcdatamodeld;
			sourceTree = "<group>";
			versionGroupType = wrapper.xcdatamodel;
		};
/* End XCVersionGroup section */
	};
	rootObject = F721AF1122082B5900AB76BB /* Project object */;
}
